
Microsoft Visual Studio Solution File, Format Version 12.00
# Visual Studio 15
VisualStudioVersion = 15.0.27130.2027
MinimumVisualStudioVersion = 10.0.40219.1
Project("{FAE04EC0-301F-11D3-BF4B-00C04F79EFBC}") = "segundaevaluacion", "lector\segundaevaluacion.csproj", "{FBB7F7E6-B225-4738-B61E-AFEB274C4F55}"
EndProject
Global
	GlobalSection(SolutionConfigurationPlatforms) = preSolution
		Debug|Any CPU = Debug|Any CPU
		Release|Any CPU = Release|Any CPU
	EndGlobalSection
	GlobalSection(ProjectConfigurationPlatforms) = postSolution
		{FBB7F7E6-B225-4738-B61E-AFEB274C4F55}.Debug|Any CPU.ActiveCfg = Debug|Any CPU
		{FBB7F7E6-B225-4738-B61E-AFEB274C4F55}.Debug|Any CPU.Build.0 = Debug|Any CPU
		{FBB7F7E6-B225-4738-B61E-AFEB274C4F55}.Release|Any CPU.ActiveCfg = Release|Any CPU
		{FBB7F7E6-B225-4738-B61E-AFEB274C4F55}.Release|Any CPU.Build.0 = Release|Any CPU
	EndGlobalSection
	GlobalSection(SolutionProperties) = preSolution
		HideSolutionNode = FALSE
	EndGlobalSection
	GlobalSection(ExtensibilityGlobals) = postSolution
		SolutionGuid = {6EDEF37D-502F-4277-B46A-F6D9878FC502}
	EndGlobalSection
EndGlobal
